
Microsoft Visual Studio Solution File, Format Version 12.00
# Visual Studio Version 17
VisualStudioVersion = 17.4.33122.133
MinimumVisualStudioVersion = 10.0.40219.1
Project("{FAE04EC0-301F-11D3-BF4B-00C04F79EFBC}") = "NewEdenMoons", "NewEdenMoons\NewEdenMoons.csproj", "{F25CE26C-5386-480A-8263-AE33399E7EB4}"
EndProject
Global
	GlobalSection(SolutionConfigurationPlatforms) = preSolution
		Debug|Any CPU = Debug|Any CPU
		Release|Any CPU = Release|Any CPU
	EndGlobalSection
	GlobalSection(ProjectConfigurationPlatforms) = postSolution
		{F25CE26C-5386-480A-8263-AE33399E7EB4}.Debug|Any CPU.ActiveCfg = Debug|Any CPU
		{F25CE26C-5386-480A-8263-AE33399E7EB4}.Debug|Any CPU.Build.0 = Debug|Any CPU
		{F25CE26C-5386-480A-8263-AE33399E7EB4}.Release|Any CPU.ActiveCfg = Release|Any CPU
		{F25CE26C-5386-480A-8263-AE33399E7EB4}.Release|Any CPU.Build.0 = Release|Any CPU
	EndGlobalSection
	GlobalSection(SolutionProperties) = preSolution
		HideSolutionNode = FALSE
	EndGlobalSection
	GlobalSection(ExtensibilityGlobals) = postSolution
		SolutionGuid = {7A70F9AE-9395-4658-A0D3-CAE87F3141C2}
	EndGlobalSection
EndGlobal
